
Microsoft Visual Studio Solution File, Format Version 12.00
# Visual Studio Version 17
VisualStudioVersion = 17.14.36429.23
MinimumVisualStudioVersion = 10.0.40219.1
Project("{FAE04EC0-301F-11D3-BF4B-00C04F79EFBC}") = "PhoneKeypadSimulator", "PhoneKeypadSimulator\PhoneKeypadSimulator.csproj", "{3F9170D6-99BC-4733-8818-1ABF86124B61}"
EndProject
Project("{2150E333-8FDC-42A3-9474-1A3956D46DE8}") = "tests", "tests", "{0AB3BF05-4346-4AA6-1389-037BE0695223}"
EndProject
Project("{FAE04EC0-301F-11D3-BF4B-00C04F79EFBC}") = "PhoneKeypadSimulator.Tests", "tests\PhoneKeypadSimulator.Tests\PhoneKeypadSimulator.Tests.csproj", "{1875B5CB-A2FF-4A76-B519-C999C1CF23A6}"
EndProject
Global
	GlobalSection(SolutionConfigurationPlatforms) = preSolution
		Debug|Any CPU = Debug|Any CPU
		Debug|x64 = Debug|x64
		Debug|x86 = Debug|x86
		Release|Any CPU = Release|Any CPU
		Release|x64 = Release|x64
		Release|x86 = Release|x86
	EndGlobalSection
	GlobalSection(ProjectConfigurationPlatforms) = postSolution
		{3F9170D6-99BC-4733-8818-1ABF86124B61}.Debug|Any CPU.ActiveCfg = Debug|Any CPU
		{3F9170D6-99BC-4733-8818-1ABF86124B61}.Debug|Any CPU.Build.0 = Debug|Any CPU
		{3F9170D6-99BC-4733-8818-1ABF86124B61}.Debug|x64.ActiveCfg = Debug|Any CPU
		{3F9170D6-99BC-4733-8818-1ABF86124B61}.Debug|x64.Build.0 = Debug|Any CPU
		{3F9170D6-99BC-4733-8818-1ABF86124B61}.Debug|x86.ActiveCfg = Debug|Any CPU
		{3F9170D6-99BC-4733-8818-1ABF86124B61}.Debug|x86.Build.0 = Debug|Any CPU
		{3F9170D6-99BC-4733-8818-1ABF86124B61}.Release|Any CPU.ActiveCfg = Release|Any CPU
		{3F9170D6-99BC-4733-8818-1ABF86124B61}.Release|Any CPU.Build.0 = Release|Any CPU
		{3F9170D6-99BC-4733-8818-1ABF86124B61}.Release|x64.ActiveCfg = Release|Any CPU
		{3F9170D6-99BC-4733-8818-1ABF86124B61}.Release|x64.Build.0 = Release|Any CPU
		{3F9170D6-99BC-4733-8818-1ABF86124B61}.Release|x86.ActiveCfg = Release|Any CPU
		{3F9170D6-99BC-4733-8818-1ABF86124B61}.Release|x86.Build.0 = Release|Any CPU
		{1875B5CB-A2FF-4A76-B519-C999C1CF23A6}.Debug|Any CPU.ActiveCfg = Debug|Any CPU
		{1875B5CB-A2FF-4A76-B519-C999C1CF23A6}.Debug|Any CPU.Build.0 = Debug|Any CPU
		{1875B5CB-A2FF-4A76-B519-C999C1CF23A6}.Debug|x64.ActiveCfg = Debug|Any CPU
		{1875B5CB-A2FF-4A76-B519-C999C1CF23A6}.Debug|x64.Build.0 = Debug|Any CPU
		{1875B5CB-A2FF-4A76-B519-C999C1CF23A6}.Debug|x86.ActiveCfg = Debug|Any CPU
		{1875B5CB-A2FF-4A76-B519-C999C1CF23A6}.Debug|x86.Build.0 = Debug|Any CPU
		{1875B5CB-A2FF-4A76-B519-C999C1CF23A6}.Release|Any CPU.ActiveCfg = Release|Any CPU
		{1875B5CB-A2FF-4A76-B519-C999C1CF23A6}.Release|Any CPU.Build.0 = Release|Any CPU
		{1875B5CB-A2FF-4A76-B519-C999C1CF23A6}.Release|x64.ActiveCfg = Release|Any CPU
		{1875B5CB-A2FF-4A76-B519-C999C1CF23A6}.Release|x64.Build.0 = Release|Any CPU
		{1875B5CB-A2FF-4A76-B519-C999C1CF23A6}.Release|x86.ActiveCfg = Release|Any CPU
		{1875B5CB-A2FF-4A76-B519-C999C1CF23A6}.Release|x86.Build.0 = Release|Any CPU
	EndGlobalSection
	GlobalSection(SolutionProperties) = preSolution
		HideSolutionNode = FALSE
	EndGlobalSection
	GlobalSection(NestedProjects) = preSolution
		{1875B5CB-A2FF-4A76-B519-C999C1CF23A6} = {0AB3BF05-4346-4AA6-1389-037BE0695223}
	EndGlobalSection
	GlobalSection(ExtensibilityGlobals) = postSolution
		SolutionGuid = {0394B84D-7A75-4B29-81CA-134F069AA3EA}
	EndGlobalSection
EndGlobal
